{
  "name": "pem",
  "lockfileVersion": 2,
  "requires": true,
  "packages": {
    "": {
      "dependencies": {
        "mbr-buffer": "^1.4.1"
      }
    },
    "node_modules/mbr-buffer": {
      "version": "1.4.1",
      "resolved": "https://registry.npmjs.org/mbr-buffer/-/mbr-buffer-1.4.1.tgz",
      "integrity": "sha512-wJxz2N4YiBkoI+jhu/ShayS8C+mp39WDnmr/L/wH96Y4RL20+XvX08xZ5h6rU7GJD1m/fF/HjQ2J70r7yhGdCA=="
    }
  },
  "dependencies": {
    "mbr-buffer": {
      "version": "1.4.1",
      "resolved": "https://registry.npmjs.org/mbr-buffer/-/mbr-buffer-1.4.1.tgz",
      "integrity": "sha512-wJxz2N4YiBkoI+jhu/ShayS8C+mp39WDnmr/L/wH96Y4RL20+XvX08xZ5h6rU7GJD1m/fF/HjQ2J70r7yhGdCA=="
    }
  }
}
